
Microsoft Visual Studio Solution File, Format Version 12.00
# Visual Studio Version 16
VisualStudioVersion = 16.0.29519.87
MinimumVisualStudioVersion = 10.0.40219.1
Project("{FAE04EC0-301F-11D3-BF4B-00C04F79EFBC}") = "Patron_Singleton", "Patron_Singleton\Patron_Singleton.csproj", "{8B1F175B-C50D-4554-B7B0-2565BA7B20FF}"
EndProject
Global
	GlobalSection(SolutionConfigurationPlatforms) = preSolution
		Debug|Any CPU = Debug|Any CPU
		Release|Any CPU = Release|Any CPU
	EndGlobalSection
	GlobalSection(ProjectConfigurationPlatforms) = postSolution
		{8B1F175B-C50D-4554-B7B0-2565BA7B20FF}.Debug|Any CPU.ActiveCfg = Debug|Any CPU
		{8B1F175B-C50D-4554-B7B0-2565BA7B20FF}.Debug|Any CPU.Build.0 = Debug|Any CPU
		{8B1F175B-C50D-4554-B7B0-2565BA7B20FF}.Release|Any CPU.ActiveCfg = Release|Any CPU
		{8B1F175B-C50D-4554-B7B0-2565BA7B20FF}.Release|Any CPU.Build.0 = Release|Any CPU
	EndGlobalSection
	GlobalSection(SolutionProperties) = preSolution
		HideSolutionNode = FALSE
	EndGlobalSection
	GlobalSection(ExtensibilityGlobals) = postSolution
		SolutionGuid = {7CF2D5E5-E04F-4722-B5D8-3064B4FA52A6}
	EndGlobalSection
EndGlobal
